{
    "_readme": [
        "This file locks the dependencies of your project to a known state",
        "Read more about it at https://getcomposer.org/doc/01-basic-usage.md#composer-lock-the-lock-file",
        "This file is @generated automatically"
    ],
    "content-hash": "29e55d9641d26119c22cf2cde9658db8",
    "packages": [
        {
            "name": "php-on-couch/php-on-couch",
            "version": "2.0.2",
            "source": {
                "type": "git",
                "url": "https://github.com/PHP-on-Couch/PHP-on-Couch.git",
                "reference": "34a5d66d44c453b53148a29c8f7fc39616bf1c10"
            },
            "dist": {
                "type": "zip",
                "url": "https://api.github.com/repos/PHP-on-Couch/PHP-on-Couch/zipball/34a5d66d44c453b53148a29c8f7fc39616bf1c10",
                "reference": "34a5d66d44c453b53148a29c8f7fc39616bf1c10",
                "shasum": ""
            },
            "require": {
                "php": ">=5.2.0"
            },
            "require-dev": {
                "phpcheckstyle/phpcheckstyle": "*",
                "phpunit/phpunit": "5.5.*",
                "satooshi/php-coveralls": "*"
            },
            "type": "library",
            "autoload": {
                "psr-4": {
                    "PHPOnCouch\\": "src/",
                    "PHPOnCouch\\Exceptions\\": "src/Exceptions/",
                    "PHPOnCouch\\Adapter\\": "src/Adapter/"
                }
            },
            "notification-url": "https://packagist.org/downloads/",
            "license": [
                "GPLv3"
            ],
            "authors": [
                {
                    "name": "Michael Bailly",
                    "email": "mickael.bailly@free.fr",
                    "homepage": "https://github.com/dready92/",
                    "role": "Developer"
                },
                {
                    "name": "Clemens Sahs",
                    "email": "clemens.sahs@slides-worker.org",
                    "homepage": "https://github.com/ClemensSahs",
                    "role": "Developer"
                },
                {
                    "name": "Alexis Côté",
                    "email": "alexiscote19@hotmail.com",
                    "homepage": "https://popojargo.github.io/",
                    "role": "Developer"
                }
            ],
            "description": "CouchDB NoSQL database access in PHP",
            "homepage": "https://github.com/PHP-on-Couch/PHP-on-Couch",
            "keywords": [
                "apache",
                "couch",
                "couchdb",
                "db",
                "driver",
                "nosql"
            ],
            "time": "2017-03-19T18:45:37+00:00"
        },
        {
            "name": "predis/predis",
            "version": "v1.1.1",
            "source": {
                "type": "git",
                "url": "https://github.com/nrk/predis.git",
                "reference": "f0210e38881631afeafb56ab43405a92cafd9fd1"
            },
            "dist": {
                "type": "zip",
                "url": "https://api.github.com/repos/nrk/predis/zipball/f0210e38881631afeafb56ab43405a92cafd9fd1",
                "reference": "f0210e38881631afeafb56ab43405a92cafd9fd1",
                "shasum": ""
            },
            "require": {
                "php": ">=5.3.9"
            },
            "require-dev": {
                "phpunit/phpunit": "~4.8"
            },
            "suggest": {
                "ext-curl": "Allows access to Webdis when paired with phpiredis",
                "ext-phpiredis": "Allows faster serialization and deserialization of the Redis protocol"
            },
            "type": "library",
            "autoload": {
                "psr-4": {
                    "Predis\\": "src/"
                }
            },
            "notification-url": "https://packagist.org/downloads/",
            "license": [
                "MIT"
            ],
            "authors": [
                {
                    "name": "Daniele Alessandri",
                    "email": "suppakilla@gmail.com",
                    "homepage": "http://clorophilla.net"
                }
            ],
            "description": "Flexible and feature-complete Redis client for PHP and HHVM",
            "homepage": "http://github.com/nrk/predis",
            "keywords": [
                "nosql",
                "predis",
                "redis"
            ],
            "time": "2016-06-16T16:22:20+00:00"
        }
    ],
    "packages-dev": [],
    "aliases": [],
    "minimum-stability": "stable",
    "stability-flags": [],
    "prefer-stable": false,
    "prefer-lowest": false,
    "platform": [],
    "platform-dev": []
}
